
Microsoft Visual Studio Solution File, Format Version 12.00
Project("{FAE04EC0-301F-11D3-BF4B-00C04F79EFBC}") = "SkipList", "SkipList\SkipList.csproj", "{EE827ACF-A8D6-4B1E-8505-C16BDECEB415}"
EndProject
Project("{FAE04EC0-301F-11D3-BF4B-00C04F79EFBC}") = "SkipList.Tests", "SkipList.Tests\SkipList.Tests.csproj", "{B20496B2-AC4A-402B-90A1-F136F62CCF23}"
EndProject
Global
	GlobalSection(SolutionConfigurationPlatforms) = preSolution
		Debug|Any CPU = Debug|Any CPU
		Release|Any CPU = Release|Any CPU
	EndGlobalSection
	GlobalSection(ProjectConfigurationPlatforms) = postSolution
		{EE827ACF-A8D6-4B1E-8505-C16BDECEB415}.Debug|Any CPU.ActiveCfg = Debug|Any CPU
		{EE827ACF-A8D6-4B1E-8505-C16BDECEB415}.Debug|Any CPU.Build.0 = Debug|Any CPU
		{EE827ACF-A8D6-4B1E-8505-C16BDECEB415}.Release|Any CPU.ActiveCfg = Release|Any CPU
		{EE827ACF-A8D6-4B1E-8505-C16BDECEB415}.Release|Any CPU.Build.0 = Release|Any CPU
		{B20496B2-AC4A-402B-90A1-F136F62CCF23}.Debug|Any CPU.ActiveCfg = Debug|Any CPU
		{B20496B2-AC4A-402B-90A1-F136F62CCF23}.Debug|Any CPU.Build.0 = Debug|Any CPU
		{B20496B2-AC4A-402B-90A1-F136F62CCF23}.Release|Any CPU.ActiveCfg = Release|Any CPU
		{B20496B2-AC4A-402B-90A1-F136F62CCF23}.Release|Any CPU.Build.0 = Release|Any CPU
	EndGlobalSection
EndGlobal
